
Microsoft Visual Studio Solution File, Format Version 12.00
# Visual Studio Version 17
VisualStudioVersion = 17.14.36301.6
MinimumVisualStudioVersion = 10.0.40219.1
Project("{FAE04EC0-301F-11D3-BF4B-00C04F79EFBC}") = "dcit318-assignment1-11357610", "dcit318-assignment1-11357610.csproj", "{562D1151-5F19-4362-80E9-D7A3B924B704}"
EndProject
Project("{2150E333-8FDC-42A3-9474-1A3956D46DE8}") = "Solution Items", "Solution Items", "{8EC462FD-D22E-90A8-E5CE-7E832BA40C5D}"
EndProject
Global
	GlobalSection(SolutionConfigurationPlatforms) = preSolution
		Debug|Any CPU = Debug|Any CPU
		Release|Any CPU = Release|Any CPU
	EndGlobalSection
	GlobalSection(ProjectConfigurationPlatforms) = postSolution
		{562D1151-5F19-4362-80E9-D7A3B924B704}.Debug|Any CPU.ActiveCfg = Debug|Any CPU
		{562D1151-5F19-4362-80E9-D7A3B924B704}.Debug|Any CPU.Build.0 = Debug|Any CPU
		{562D1151-5F19-4362-80E9-D7A3B924B704}.Release|Any CPU.ActiveCfg = Release|Any CPU
		{562D1151-5F19-4362-80E9-D7A3B924B704}.Release|Any CPU.Build.0 = Release|Any CPU
	EndGlobalSection
	GlobalSection(SolutionProperties) = preSolution
		HideSolutionNode = FALSE
	EndGlobalSection
	GlobalSection(ExtensibilityGlobals) = postSolution
		SolutionGuid = {1ECBA327-1437-4D1E-BC75-54FD4B878297}
	EndGlobalSection
EndGlobal
